
Microsoft Visual Studio Solution File, Format Version 12.00
# Visual Studio 15
VisualStudioVersion = 15.0.26124.0
MinimumVisualStudioVersion = 15.0.26124.0
Project("{FAE04EC0-301F-11D3-BF4B-00C04F79EFBC}") = "API", "API\API.csproj", "{D4BA74BE-B00A-4BA5-8FB3-C404630824DF}"
EndProject
Project("{FAE04EC0-301F-11D3-BF4B-00C04F79EFBC}") = "Application", "Application\Application.csproj", "{BE6E3D5B-EF6B-40C5-BEC4-1FD2C179998B}"
EndProject
Project("{FAE04EC0-301F-11D3-BF4B-00C04F79EFBC}") = "Domain", "Domain\Domain.csproj", "{DC517482-B96D-4C47-BFDE-E7099FCA3E85}"
EndProject
Project("{FAE04EC0-301F-11D3-BF4B-00C04F79EFBC}") = "Persistence", "Persistence\Persistence.csproj", "{4F4061CB-6928-4921-AD84-50C9D0A95BEC}"
EndProject
Global
	GlobalSection(SolutionConfigurationPlatforms) = preSolution
		Debug|Any CPU = Debug|Any CPU
		Debug|x64 = Debug|x64
		Debug|x86 = Debug|x86
		Release|Any CPU = Release|Any CPU
		Release|x64 = Release|x64
		Release|x86 = Release|x86
	EndGlobalSection
	GlobalSection(SolutionProperties) = preSolution
		HideSolutionNode = FALSE
	EndGlobalSection
	GlobalSection(ProjectConfigurationPlatforms) = postSolution
		{D4BA74BE-B00A-4BA5-8FB3-C404630824DF}.Debug|Any CPU.ActiveCfg = Debug|Any CPU
		{D4BA74BE-B00A-4BA5-8FB3-C404630824DF}.Debug|Any CPU.Build.0 = Debug|Any CPU
		{D4BA74BE-B00A-4BA5-8FB3-C404630824DF}.Debug|x64.ActiveCfg = Debug|Any CPU
		{D4BA74BE-B00A-4BA5-8FB3-C404630824DF}.Debug|x64.Build.0 = Debug|Any CPU
		{D4BA74BE-B00A-4BA5-8FB3-C404630824DF}.Debug|x86.ActiveCfg = Debug|Any CPU
		{D4BA74BE-B00A-4BA5-8FB3-C404630824DF}.Debug|x86.Build.0 = Debug|Any CPU
		{D4BA74BE-B00A-4BA5-8FB3-C404630824DF}.Release|Any CPU.ActiveCfg = Release|Any CPU
		{D4BA74BE-B00A-4BA5-8FB3-C404630824DF}.Release|Any CPU.Build.0 = Release|Any CPU
		{D4BA74BE-B00A-4BA5-8FB3-C404630824DF}.Release|x64.ActiveCfg = Release|Any CPU
		{D4BA74BE-B00A-4BA5-8FB3-C404630824DF}.Release|x64.Build.0 = Release|Any CPU
		{D4BA74BE-B00A-4BA5-8FB3-C404630824DF}.Release|x86.ActiveCfg = Release|Any CPU
		{D4BA74BE-B00A-4BA5-8FB3-C404630824DF}.Release|x86.Build.0 = Release|Any CPU
		{BE6E3D5B-EF6B-40C5-BEC4-1FD2C179998B}.Debug|Any CPU.ActiveCfg = Debug|Any CPU
		{BE6E3D5B-EF6B-40C5-BEC4-1FD2C179998B}.Debug|Any CPU.Build.0 = Debug|Any CPU
		{BE6E3D5B-EF6B-40C5-BEC4-1FD2C179998B}.Debug|x64.ActiveCfg = Debug|Any CPU
		{BE6E3D5B-EF6B-40C5-BEC4-1FD2C179998B}.Debug|x64.Build.0 = Debug|Any CPU
		{BE6E3D5B-EF6B-40C5-BEC4-1FD2C179998B}.Debug|x86.ActiveCfg = Debug|Any CPU
		{BE6E3D5B-EF6B-40C5-BEC4-1FD2C179998B}.Debug|x86.Build.0 = Debug|Any CPU
		{BE6E3D5B-EF6B-40C5-BEC4-1FD2C179998B}.Release|Any CPU.ActiveCfg = Release|Any CPU
		{BE6E3D5B-EF6B-40C5-BEC4-1FD2C179998B}.Release|Any CPU.Build.0 = Release|Any CPU
		{BE6E3D5B-EF6B-40C5-BEC4-1FD2C179998B}.Release|x64.ActiveCfg = Release|Any CPU
		{BE6E3D5B-EF6B-40C5-BEC4-1FD2C179998B}.Release|x64.Build.0 = Release|Any CPU
		{BE6E3D5B-EF6B-40C5-BEC4-1FD2C179998B}.Release|x86.ActiveCfg = Release|Any CPU
		{BE6E3D5B-EF6B-40C5-BEC4-1FD2C179998B}.Release|x86.Build.0 = Release|Any CPU
		{DC517482-B96D-4C47-BFDE-E7099FCA3E85}.Debug|Any CPU.ActiveCfg = Debug|Any CPU
		{DC517482-B96D-4C47-BFDE-E7099FCA3E85}.Debug|Any CPU.Build.0 = Debug|Any CPU
		{DC517482-B96D-4C47-BFDE-E7099FCA3E85}.Debug|x64.ActiveCfg = Debug|Any CPU
		{DC517482-B96D-4C47-BFDE-E7099FCA3E85}.Debug|x64.Build.0 = Debug|Any CPU
		{DC517482-B96D-4C47-BFDE-E7099FCA3E85}.Debug|x86.ActiveCfg = Debug|Any CPU
		{DC517482-B96D-4C47-BFDE-E7099FCA3E85}.Debug|x86.Build.0 = Debug|Any CPU
		{DC517482-B96D-4C47-BFDE-E7099FCA3E85}.Release|Any CPU.ActiveCfg = Release|Any CPU
		{DC517482-B96D-4C47-BFDE-E7099FCA3E85}.Release|Any CPU.Build.0 = Release|Any CPU
		{DC517482-B96D-4C47-BFDE-E7099FCA3E85}.Release|x64.ActiveCfg = Release|Any CPU
		{DC517482-B96D-4C47-BFDE-E7099FCA3E85}.Release|x64.Build.0 = Release|Any CPU
		{DC517482-B96D-4C47-BFDE-E7099FCA3E85}.Release|x86.ActiveCfg = Release|Any CPU
		{DC517482-B96D-4C47-BFDE-E7099FCA3E85}.Release|x86.Build.0 = Release|Any CPU
		{4F4061CB-6928-4921-AD84-50C9D0A95BEC}.Debug|Any CPU.ActiveCfg = Debug|Any CPU
		{4F4061CB-6928-4921-AD84-50C9D0A95BEC}.Debug|Any CPU.Build.0 = Debug|Any CPU
		{4F4061CB-6928-4921-AD84-50C9D0A95BEC}.Debug|x64.ActiveCfg = Debug|Any CPU
		{4F4061CB-6928-4921-AD84-50C9D0A95BEC}.Debug|x64.Build.0 = Debug|Any CPU
		{4F4061CB-6928-4921-AD84-50C9D0A95BEC}.Debug|x86.ActiveCfg = Debug|Any CPU
		{4F4061CB-6928-4921-AD84-50C9D0A95BEC}.Debug|x86.Build.0 = Debug|Any CPU
		{4F4061CB-6928-4921-AD84-50C9D0A95BEC}.Release|Any CPU.ActiveCfg = Release|Any CPU
		{4F4061CB-6928-4921-AD84-50C9D0A95BEC}.Release|Any CPU.Build.0 = Release|Any CPU
		{4F4061CB-6928-4921-AD84-50C9D0A95BEC}.Release|x64.ActiveCfg = Release|Any CPU
		{4F4061CB-6928-4921-AD84-50C9D0A95BEC}.Release|x64.Build.0 = Release|Any CPU
		{4F4061CB-6928-4921-AD84-50C9D0A95BEC}.Release|x86.ActiveCfg = Release|Any CPU
		{4F4061CB-6928-4921-AD84-50C9D0A95BEC}.Release|x86.Build.0 = Release|Any CPU
	EndGlobalSection
EndGlobal
